
Microsoft Visual Studio Solution File, Format Version 12.00
# Visual Studio 15
VisualStudioVersion = 15.0.28307.902
MinimumVisualStudioVersion = 10.0.40219.1
Project("{FAE04EC0-301F-11D3-BF4B-00C04F79EFBC}") = "Hostel", "DXApplication1\Hostel.csproj", "{CA7D97F6-8BED-40AD-8A36-9F415414D4F6}"
EndProject
Global
	GlobalSection(SolutionConfigurationPlatforms) = preSolution
		Debug|Any CPU = Debug|Any CPU
		Release|Any CPU = Release|Any CPU
	EndGlobalSection
	GlobalSection(ProjectConfigurationPlatforms) = postSolution
		{CA7D97F6-8BED-40AD-8A36-9F415414D4F6}.Debug|Any CPU.ActiveCfg = Debug|Any CPU
		{CA7D97F6-8BED-40AD-8A36-9F415414D4F6}.Debug|Any CPU.Build.0 = Debug|Any CPU
		{CA7D97F6-8BED-40AD-8A36-9F415414D4F6}.Release|Any CPU.ActiveCfg = Release|Any CPU
		{CA7D97F6-8BED-40AD-8A36-9F415414D4F6}.Release|Any CPU.Build.0 = Release|Any CPU
	EndGlobalSection
	GlobalSection(SolutionProperties) = preSolution
		HideSolutionNode = FALSE
	EndGlobalSection
	GlobalSection(ExtensibilityGlobals) = postSolution
		SolutionGuid = {89DF5B08-3947-42CE-9D0D-09F5023F0C50}
	EndGlobalSection
EndGlobal
